
Microsoft Visual Studio Solution File, Format Version 12.00
# Visual Studio Version 17
VisualStudioVersion = 17.14.36414.22 d17.14
MinimumVisualStudioVersion = 10.0.40219.1
Project("{FAE04EC0-301F-11D3-BF4B-00C04F79EFBC}") = "DuckCreekExtension", "DuckCreekExtension.csproj", "{729BF59F-EF5B-4C84-B7B1-C1E1C5F80884}"
EndProject
Global
	GlobalSection(SolutionConfigurationPlatforms) = preSolution
		Debug|Any CPU = Debug|Any CPU
		Debug|arm64 = Debug|arm64
		Debug|x86 = Debug|x86
		Release|Any CPU = Release|Any CPU
		Release|arm64 = Release|arm64
		Release|x86 = Release|x86
	EndGlobalSection
	GlobalSection(ProjectConfigurationPlatforms) = postSolution
		{729BF59F-EF5B-4C84-B7B1-C1E1C5F80884}.Debug|Any CPU.ActiveCfg = Debug|Any CPU
		{729BF59F-EF5B-4C84-B7B1-C1E1C5F80884}.Debug|Any CPU.Build.0 = Debug|Any CPU
		{729BF59F-EF5B-4C84-B7B1-C1E1C5F80884}.Debug|arm64.ActiveCfg = Debug|arm64
		{729BF59F-EF5B-4C84-B7B1-C1E1C5F80884}.Debug|arm64.Build.0 = Debug|arm64
		{729BF59F-EF5B-4C84-B7B1-C1E1C5F80884}.Debug|x86.ActiveCfg = Debug|x86
		{729BF59F-EF5B-4C84-B7B1-C1E1C5F80884}.Debug|x86.Build.0 = Debug|x86
		{729BF59F-EF5B-4C84-B7B1-C1E1C5F80884}.Release|Any CPU.ActiveCfg = Release|Any CPU
		{729BF59F-EF5B-4C84-B7B1-C1E1C5F80884}.Release|Any CPU.Build.0 = Release|Any CPU
		{729BF59F-EF5B-4C84-B7B1-C1E1C5F80884}.Release|arm64.ActiveCfg = Release|arm64
		{729BF59F-EF5B-4C84-B7B1-C1E1C5F80884}.Release|arm64.Build.0 = Release|arm64
		{729BF59F-EF5B-4C84-B7B1-C1E1C5F80884}.Release|x86.ActiveCfg = Release|x86
		{729BF59F-EF5B-4C84-B7B1-C1E1C5F80884}.Release|x86.Build.0 = Release|x86
	EndGlobalSection
	GlobalSection(SolutionProperties) = preSolution
		HideSolutionNode = FALSE
	EndGlobalSection
	GlobalSection(ExtensibilityGlobals) = postSolution
		SolutionGuid = {F80C12E1-4DF6-458C-B97B-31E8E2B62EC4}
	EndGlobalSection
EndGlobal
